{
    "_readme": [
        "This file locks the dependencies of your project to a known state",
        "Read more about it at https://getcomposer.org/doc/01-basic-usage.md#installing-dependencies",
        "This file is @generated automatically"
    ],
    "content-hash": "15bb089d0b79c1bd036969c890ea9796",
    "packages": [
        {
            "name": "webrium/xzeroprotect",
            "version": "1.1.1",
            "source": {
                "type": "git",
                "url": "https://github.com/webrium/xzeroprotect.git",
                "reference": "a1af5695f561766a0bfaec0a85d852acbe8b256f"
            },
            "dist": {
                "type": "zip",
                "url": "https://api.github.com/repos/webrium/xzeroprotect/zipball/a1af5695f561766a0bfaec0a85d852acbe8b256f",
                "reference": "a1af5695f561766a0bfaec0a85d852acbe8b256f",
                "shasum": ""
            },
            "require": {
                "php": ">=8.0"
            },
            "require-dev": {
                "phpunit/phpunit": "^10.0"
            },
            "type": "library",
            "autoload": {
                "psr-4": {
                    "Webrium\\XZeroProtect\\": "src/"
                }
            },
            "notification-url": "https://packagist.org/downloads/",
            "license": [
                "MIT"
            ],
            "authors": [
                {
                    "name": "Webrium",
                    "email": "dev@webrium.com"
                }
            ],
            "description": "A lightweight, file-based PHP firewall library for protecting web applications from bots, scanners, and common attacks.",
            "keywords": [
                "bot-protection",
                "firewall",
                "php",
                "security",
                "waf"
            ],
            "support": {
                "issues": "https://github.com/webrium/xzeroprotect/issues",
                "source": "https://github.com/webrium/xzeroprotect/tree/1.1.1"
            },
            "time": "2026-06-07T13:24:45+00:00"
        }
    ],
    "packages-dev": [],
    "aliases": [],
    "minimum-stability": "stable",
    "stability-flags": {},
    "prefer-stable": false,
    "prefer-lowest": false,
    "platform": {
        "php": ">=8.0"
    },
    "platform-dev": {},
    "plugin-api-version": "2.9.0"
}
